
Microsoft Visual Studio Solution File, Format Version 12.00
# Visual Studio Version 16
VisualStudioVersion = 16.6.30114.105
MinimumVisualStudioVersion = 10.0.40219.1
Project("{FAE04EC0-301F-11D3-BF4B-00C04F79EFBC}") = "SchoolAPI", "SchoolAPI\SchoolAPI.csproj", "{5BBF77BB-1D37-48A0-A599-FDD9B2EB9ED0}"
EndProject
Project("{FAE04EC0-301F-11D3-BF4B-00C04F79EFBC}") = "School.Domain", "School.Domain\School.Domain.csproj", "{7797445F-98CC-4B61-A216-7B5E87053B05}"
EndProject
Project("{FAE04EC0-301F-11D3-BF4B-00C04F79EFBC}") = "School.Data", "School.Data\School.Data.csproj", "{4EE39411-274A-4F34-A98E-16833591EBAC}"
EndProject
Global
	GlobalSection(SolutionConfigurationPlatforms) = preSolution
		Debug|Any CPU = Debug|Any CPU
		Debug|x64 = Debug|x64
		Debug|x86 = Debug|x86
		Release|Any CPU = Release|Any CPU
		Release|x64 = Release|x64
		Release|x86 = Release|x86
	EndGlobalSection
	GlobalSection(SolutionProperties) = preSolution
		HideSolutionNode = FALSE
	EndGlobalSection
	GlobalSection(ProjectConfigurationPlatforms) = postSolution
		{5BBF77BB-1D37-48A0-A599-FDD9B2EB9ED0}.Debug|Any CPU.ActiveCfg = Debug|Any CPU
		{5BBF77BB-1D37-48A0-A599-FDD9B2EB9ED0}.Debug|Any CPU.Build.0 = Debug|Any CPU
		{5BBF77BB-1D37-48A0-A599-FDD9B2EB9ED0}.Debug|x64.ActiveCfg = Debug|Any CPU
		{5BBF77BB-1D37-48A0-A599-FDD9B2EB9ED0}.Debug|x64.Build.0 = Debug|Any CPU
		{5BBF77BB-1D37-48A0-A599-FDD9B2EB9ED0}.Debug|x86.ActiveCfg = Debug|Any CPU
		{5BBF77BB-1D37-48A0-A599-FDD9B2EB9ED0}.Debug|x86.Build.0 = Debug|Any CPU
		{5BBF77BB-1D37-48A0-A599-FDD9B2EB9ED0}.Release|Any CPU.ActiveCfg = Release|Any CPU
		{5BBF77BB-1D37-48A0-A599-FDD9B2EB9ED0}.Release|Any CPU.Build.0 = Release|Any CPU
		{5BBF77BB-1D37-48A0-A599-FDD9B2EB9ED0}.Release|x64.ActiveCfg = Release|Any CPU
		{5BBF77BB-1D37-48A0-A599-FDD9B2EB9ED0}.Release|x64.Build.0 = Release|Any CPU
		{5BBF77BB-1D37-48A0-A599-FDD9B2EB9ED0}.Release|x86.ActiveCfg = Release|Any CPU
		{5BBF77BB-1D37-48A0-A599-FDD9B2EB9ED0}.Release|x86.Build.0 = Release|Any CPU
		{7797445F-98CC-4B61-A216-7B5E87053B05}.Debug|Any CPU.ActiveCfg = Debug|Any CPU
		{7797445F-98CC-4B61-A216-7B5E87053B05}.Debug|Any CPU.Build.0 = Debug|Any CPU
		{7797445F-98CC-4B61-A216-7B5E87053B05}.Debug|x64.ActiveCfg = Debug|Any CPU
		{7797445F-98CC-4B61-A216-7B5E87053B05}.Debug|x64.Build.0 = Debug|Any CPU
		{7797445F-98CC-4B61-A216-7B5E87053B05}.Debug|x86.ActiveCfg = Debug|Any CPU
		{7797445F-98CC-4B61-A216-7B5E87053B05}.Debug|x86.Build.0 = Debug|Any CPU
		{7797445F-98CC-4B61-A216-7B5E87053B05}.Release|Any CPU.ActiveCfg = Release|Any CPU
		{7797445F-98CC-4B61-A216-7B5E87053B05}.Release|Any CPU.Build.0 = Release|Any CPU
		{7797445F-98CC-4B61-A216-7B5E87053B05}.Release|x64.ActiveCfg = Release|Any CPU
		{7797445F-98CC-4B61-A216-7B5E87053B05}.Release|x64.Build.0 = Release|Any CPU
		{7797445F-98CC-4B61-A216-7B5E87053B05}.Release|x86.ActiveCfg = Release|Any CPU
		{7797445F-98CC-4B61-A216-7B5E87053B05}.Release|x86.Build.0 = Release|Any CPU
		{4EE39411-274A-4F34-A98E-16833591EBAC}.Debug|Any CPU.ActiveCfg = Debug|Any CPU
		{4EE39411-274A-4F34-A98E-16833591EBAC}.Debug|Any CPU.Build.0 = Debug|Any CPU
		{4EE39411-274A-4F34-A98E-16833591EBAC}.Debug|x64.ActiveCfg = Debug|Any CPU
		{4EE39411-274A-4F34-A98E-16833591EBAC}.Debug|x64.Build.0 = Debug|Any CPU
		{4EE39411-274A-4F34-A98E-16833591EBAC}.Debug|x86.ActiveCfg = Debug|Any CPU
		{4EE39411-274A-4F34-A98E-16833591EBAC}.Debug|x86.Build.0 = Debug|Any CPU
		{4EE39411-274A-4F34-A98E-16833591EBAC}.Release|Any CPU.ActiveCfg = Release|Any CPU
		{4EE39411-274A-4F34-A98E-16833591EBAC}.Release|Any CPU.Build.0 = Release|Any CPU
		{4EE39411-274A-4F34-A98E-16833591EBAC}.Release|x64.ActiveCfg = Release|Any CPU
		{4EE39411-274A-4F34-A98E-16833591EBAC}.Release|x64.Build.0 = Release|Any CPU
		{4EE39411-274A-4F34-A98E-16833591EBAC}.Release|x86.ActiveCfg = Release|Any CPU
		{4EE39411-274A-4F34-A98E-16833591EBAC}.Release|x86.Build.0 = Release|Any CPU
	EndGlobalSection
EndGlobal
